
Microsoft Visual Studio Solution File, Format Version 12.00
# Visual Studio Version 17
VisualStudioVersion = 17.12.35707.178
MinimumVisualStudioVersion = 10.0.40219.1
Project("{9A19103F-16F7-4668-BE54-9A1E7A4F7556}") = "Application", "Application\Application.csproj", "{89B5DB47-C214-4A8D-B6F5-33AA9BC4666B}"
EndProject
Project("{FAE04EC0-301F-11D3-BF4B-00C04F79EFBC}") = "Model", "Model\Model.csproj", "{B29272FB-0AA8-4B41-AB50-CBAE68B954E0}"
EndProject
Global
	GlobalSection(SolutionConfigurationPlatforms) = preSolution
		Debug|Any CPU = Debug|Any CPU
		Release|Any CPU = Release|Any CPU
	EndGlobalSection
	GlobalSection(ProjectConfigurationPlatforms) = postSolution
		{89B5DB47-C214-4A8D-B6F5-33AA9BC4666B}.Debug|Any CPU.ActiveCfg = Debug|Any CPU
		{89B5DB47-C214-4A8D-B6F5-33AA9BC4666B}.Debug|Any CPU.Build.0 = Debug|Any CPU
		{89B5DB47-C214-4A8D-B6F5-33AA9BC4666B}.Release|Any CPU.ActiveCfg = Release|Any CPU
		{89B5DB47-C214-4A8D-B6F5-33AA9BC4666B}.Release|Any CPU.Build.0 = Release|Any CPU
		{B29272FB-0AA8-4B41-AB50-CBAE68B954E0}.Debug|Any CPU.ActiveCfg = Debug|Any CPU
		{B29272FB-0AA8-4B41-AB50-CBAE68B954E0}.Debug|Any CPU.Build.0 = Debug|Any CPU
		{B29272FB-0AA8-4B41-AB50-CBAE68B954E0}.Release|Any CPU.ActiveCfg = Release|Any CPU
		{B29272FB-0AA8-4B41-AB50-CBAE68B954E0}.Release|Any CPU.Build.0 = Release|Any CPU
	EndGlobalSection
	GlobalSection(SolutionProperties) = preSolution
		HideSolutionNode = FALSE
	EndGlobalSection
	GlobalSection(ExtensibilityGlobals) = postSolution
		SolutionGuid = {F84AAC99-1694-4BE6-B4C8-C368685202E7}
	EndGlobalSection
EndGlobal
