
Microsoft Visual Studio Solution File, Format Version 12.00
# Visual Studio Version 17
VisualStudioVersion = 17.12.35707.178
MinimumVisualStudioVersion = 10.0.40219.1
Project("{9A19103F-16F7-4668-BE54-9A1E7A4F7556}") = "Dependency01", "Application\Dependency01.csproj", "{89B5DB47-C214-4A8D-B6F5-33AA9BC4666B}"
EndProject
Project("{9A19103F-16F7-4668-BE54-9A1E7A4F7556}") = "Dependency02", "Dependency02\Dependency02.csproj", "{6D73C1EA-650E-4D20-BA3B-ED6A6928A69C}"
EndProject
Project("{9A19103F-16F7-4668-BE54-9A1E7A4F7556}") = "Dependency03", "Dependency03\Dependency03.csproj", "{A491933B-8F6E-49DB-914E-CB34B5734B96}"
EndProject
Project("{9A19103F-16F7-4668-BE54-9A1E7A4F7556}") = "CarRentalApplication", "CarRentalApplication\CarRentalApplication\CarRentalApplication.csproj", "{0B4FCBAD-4B5F-49D1-A493-7FFF9C2D13C2}"
EndProject
Project("{FAE04EC0-301F-11D3-BF4B-00C04F79EFBC}") = "Notification", "Notification\Notification.csproj", "{04E70A03-F689-47B9-A577-C81490392649}"
EndProject
Project("{FAE04EC0-301F-11D3-BF4B-00C04F79EFBC}") = "NotificationV2", "NotificationV2\NotificationV2.csproj", "{CD3C46A3-95E5-4EF4-8722-4FE47696A15F}"
EndProject
Global
	GlobalSection(SolutionConfigurationPlatforms) = preSolution
		Debug|Any CPU = Debug|Any CPU
		Release|Any CPU = Release|Any CPU
	EndGlobalSection
	GlobalSection(ProjectConfigurationPlatforms) = postSolution
		{89B5DB47-C214-4A8D-B6F5-33AA9BC4666B}.Debug|Any CPU.ActiveCfg = Debug|Any CPU
		{89B5DB47-C214-4A8D-B6F5-33AA9BC4666B}.Debug|Any CPU.Build.0 = Debug|Any CPU
		{89B5DB47-C214-4A8D-B6F5-33AA9BC4666B}.Release|Any CPU.ActiveCfg = Release|Any CPU
		{89B5DB47-C214-4A8D-B6F5-33AA9BC4666B}.Release|Any CPU.Build.0 = Release|Any CPU
		{6D73C1EA-650E-4D20-BA3B-ED6A6928A69C}.Debug|Any CPU.ActiveCfg = Debug|Any CPU
		{6D73C1EA-650E-4D20-BA3B-ED6A6928A69C}.Debug|Any CPU.Build.0 = Debug|Any CPU
		{6D73C1EA-650E-4D20-BA3B-ED6A6928A69C}.Release|Any CPU.ActiveCfg = Release|Any CPU
		{6D73C1EA-650E-4D20-BA3B-ED6A6928A69C}.Release|Any CPU.Build.0 = Release|Any CPU
		{A491933B-8F6E-49DB-914E-CB34B5734B96}.Debug|Any CPU.ActiveCfg = Debug|Any CPU
		{A491933B-8F6E-49DB-914E-CB34B5734B96}.Debug|Any CPU.Build.0 = Debug|Any CPU
		{A491933B-8F6E-49DB-914E-CB34B5734B96}.Release|Any CPU.ActiveCfg = Release|Any CPU
		{A491933B-8F6E-49DB-914E-CB34B5734B96}.Release|Any CPU.Build.0 = Release|Any CPU
		{0B4FCBAD-4B5F-49D1-A493-7FFF9C2D13C2}.Debug|Any CPU.ActiveCfg = Debug|Any CPU
		{0B4FCBAD-4B5F-49D1-A493-7FFF9C2D13C2}.Debug|Any CPU.Build.0 = Debug|Any CPU
		{0B4FCBAD-4B5F-49D1-A493-7FFF9C2D13C2}.Release|Any CPU.ActiveCfg = Release|Any CPU
		{0B4FCBAD-4B5F-49D1-A493-7FFF9C2D13C2}.Release|Any CPU.Build.0 = Release|Any CPU
		{04E70A03-F689-47B9-A577-C81490392649}.Debug|Any CPU.ActiveCfg = Debug|Any CPU
		{04E70A03-F689-47B9-A577-C81490392649}.Debug|Any CPU.Build.0 = Debug|Any CPU
		{04E70A03-F689-47B9-A577-C81490392649}.Release|Any CPU.ActiveCfg = Release|Any CPU
		{04E70A03-F689-47B9-A577-C81490392649}.Release|Any CPU.Build.0 = Release|Any CPU
		{CD3C46A3-95E5-4EF4-8722-4FE47696A15F}.Debug|Any CPU.ActiveCfg = Debug|Any CPU
		{CD3C46A3-95E5-4EF4-8722-4FE47696A15F}.Debug|Any CPU.Build.0 = Debug|Any CPU
		{CD3C46A3-95E5-4EF4-8722-4FE47696A15F}.Release|Any CPU.ActiveCfg = Release|Any CPU
		{CD3C46A3-95E5-4EF4-8722-4FE47696A15F}.Release|Any CPU.Build.0 = Release|Any CPU
	EndGlobalSection
	GlobalSection(SolutionProperties) = preSolution
		HideSolutionNode = FALSE
	EndGlobalSection
	GlobalSection(ExtensibilityGlobals) = postSolution
		SolutionGuid = {7D6E1EAB-8954-4162-AA91-C4042D000F34}
	EndGlobalSection
EndGlobal
